
Microsoft Visual Studio Solution File, Format Version 12.00
Project("{FAE04EC0-301F-11D3-BF4B-00C04F79EFBC}") = "eevee", "eevee\eevee.csproj", "{98674344-A626-4015-90F8-5C04B4C861DF}"
EndProject
Project("{FAE04EC0-301F-11D3-BF4B-00C04F79EFBC}") = "c-sharp-example", "c-sharp-example\c-sharp-example.csproj", "{C9E906A7-4CD5-4031-A0CD-B2AC05277454}"
EndProject
Global
	GlobalSection(SolutionConfigurationPlatforms) = preSolution
		Debug|Any CPU = Debug|Any CPU
		Release|Any CPU = Release|Any CPU
	EndGlobalSection
	GlobalSection(ProjectConfigurationPlatforms) = postSolution
		{98674344-A626-4015-90F8-5C04B4C861DF}.Debug|Any CPU.ActiveCfg = Debug|Any CPU
		{98674344-A626-4015-90F8-5C04B4C861DF}.Debug|Any CPU.Build.0 = Debug|Any CPU
		{98674344-A626-4015-90F8-5C04B4C861DF}.Release|Any CPU.ActiveCfg = Release|Any CPU
		{98674344-A626-4015-90F8-5C04B4C861DF}.Release|Any CPU.Build.0 = Release|Any CPU
		{C9E906A7-4CD5-4031-A0CD-B2AC05277454}.Debug|Any CPU.ActiveCfg = Debug|Any CPU
		{C9E906A7-4CD5-4031-A0CD-B2AC05277454}.Debug|Any CPU.Build.0 = Debug|Any CPU
		{C9E906A7-4CD5-4031-A0CD-B2AC05277454}.Release|Any CPU.ActiveCfg = Release|Any CPU
		{C9E906A7-4CD5-4031-A0CD-B2AC05277454}.Release|Any CPU.Build.0 = Release|Any CPU
	EndGlobalSection
EndGlobal
